version = 1
revision = 2
requires-python = ">=3.10, <3.14"

[[package]]
name = "pendulum"
version = "3.1.0"
source = { registry = "https://pypi.org/simple" }
dependencies = [
    { name = "python-dateutil" },
    { name = "tzdata" },
]
sdist = { url = "https://files.pythonhosted.org/packages/23/7c/009c12b86c7cc6c403aec80f8a4308598dfc5995e5c523a5491faaa3952e/pendulum-3.1.0.tar.gz", hash = "sha256:66f96303560f41d097bee7d2dc98ffca716fbb3a832c4b3062034c2d45865015", size = 85930, upload-time = "2025-04-19T14:30:01.675Z" }
wheels = [
    { url = "https://files.pythonhosted.org/packages/b4/d8/398cd27903a6899d0ae47b896d88e0b15849fc334931a6732e7ce3be9a45/pendulum-3.1.0-cp310-cp310-macosx_10_12_x86_64.whl", hash = "sha256:aa545a59e6517cf43597455a6fb44daa4a6e08473d67a7ad34e4fa951efb9620", size = 338637, upload-time = "2025-04-19T14:00:56.429Z" },
    { url = "https://files.pythonhosted.org/packages/aa/9d/a125554919c6db14e189393254c7781ee98ed5a121b6c05652d353b03c12/pendulum-3.1.0-cp310-cp310-macosx_11_0_arm64.whl", hash = "sha256:299df2da6c490ede86bb8d58c65e33d7a2a42479d21475a54b467b03ccb88531", size = 326003, upload-time = "2025-04-19T14:00:58.192Z" },
    { url = "https://files.pythonhosted.org/packages/53/9f/43a5a902f904e06252c259c2f6cf2dceafbb25aef158df08f79c0089dfd7/pendulum-3.1.0-cp310-cp310-manylinux_2_17_aarch64.manylinux2014_aarch64.whl", hash = "sha256:dbaa66e3ab179a2746eec67462f852a5d555bd709c25030aef38477468dd008e", size = 344335, upload-time = "2025-04-19T14:00:59.985Z" },
    { url = "https://files.pythonhosted.org/packages/ca/24/00fcd6abd1f7623d2bbcca048b45f01aa8bb6b647e0477c3a8ea6094335c/pendulum-3.1.0-cp310-cp310-manylinux_2_17_ppc64le.manylinux2014_ppc64le.whl", hash = "sha256:c3907ab3744c32e339c358d88ec80cd35fa2d4b25c77a3c67e6b39e99b7090c5", size = 382169, upload-time = "2025-04-19T14:01:01.411Z" },
    { url = "https://files.pythonhosted.org/packages/32/bc/20a87f24c26c6c4daf3c69311208b28130b4d19c006da16efc0e55715963/pendulum-3.1.0-cp310-cp310-manylinux_2_17_s390x.manylinux2014_s390x.whl", hash = "sha256:8244958c5bc4ed1c47ee84b098ddd95287a3fc59e569ca6e2b664c6396138ec4", size = 436675, upload-time = "2025-04-19T14:01:03.068Z" },
    { url = "https://files.pythonhosted.org/packages/1d/eb/3b1818a796408a250b8e6cfaa5372b991c0cbec768e02e0f9a226755383d/pendulum-3.1.0-cp310-cp310-manylinux_2_17_x86_64.manylinux2014_x86_64.whl", hash = "sha256:ca5722b3993b85ff7dfced48d86b318f863c359877b6badf1a3601e35199ef8f", size = 353728, upload-time = "2025-04-19T14:01:04.483Z" },
    { url = "https://files.pythonhosted.org/packages/36/23/755ef61f863b2777925171a59509540205b561a9e07ee7de0b5be9226bea/pendulum-3.1.0-cp310-cp310-musllinux_1_1_aarch64.whl", hash = "sha256:5b77a3dc010eea1a4916ef3771163d808bfc3e02b894c37df311287f18e5b764", size = 524465, upload-time = "2025-04-19T14:01:05.865Z" },
    { url = "https://files.pythonhosted.org/packages/07/1f/a3e5f08890d13d93eee725778bfeaa233db5c55463e526857dffbc1a47e4/pendulum-3.1.0-cp310-cp310-musllinux_1_1_x86_64.whl", hash = "sha256:2d6e1eff4a15fdb8fb3867c5469e691c2465eef002a6a541c47b48a390ff4cf4", size = 525690, upload-time = "2025-04-19T14:01:07.707Z" },
    { url = "https://files.pythonhosted.org/packages/43/c5/bf8ce472b81e8f5f074e8ba39899d288acce417c2c4a9ec7486d56970e28/pendulum-3.1.0-cp310-cp310-win_amd64.whl", hash = "sha256:73de43ec85b46ac75db848c8e2f3f5d086e90b11cd9c7f029e14c8d748d920e2", size = 260356, upload-time = "2025-04-19T14:01:09.339Z" },
    { url = "https://files.pythonhosted.org/packages/5e/6e/d28d3c22e6708b819a94c05bd05a3dfaed5c685379e8b6dc4b34b473b942/pendulum-3.1.0-cp311-cp311-macosx_10_12_x86_64.whl", hash = "sha256:61a03d14f8c64d13b2f7d5859e4b4053c4a7d3b02339f6c71f3e4606bfd67423", size = 338596, upload-time = "2025-04-19T14:01:11.306Z" },
    { url = "https://files.pythonhosted.org/packages/e1/e6/43324d58021d463c2eeb6146b169d2c935f2f840f9e45ac2d500453d954c/pendulum-3.1.0-cp311-cp311-macosx_11_0_arm64.whl", hash = "sha256:e674ed2d158afa5c361e60f1f67872dc55b492a10cacdaa7fcd7b7da5f158f24", size = 325854, upload-time = "2025-04-19T14:01:13.156Z" },
    { url = "https://files.pythonhosted.org/packages/b0/a7/d2ae79b960bfdea94dab67e2f118697b08bc9e98eb6bd8d32c4d99240da3/pendulum-3.1.0-cp311-cp311-manylinux_2_17_aarch64.manylinux2014_aarch64.whl", hash = "sha256:7c75377eb16e58bbe7e03ea89eeea49be6fc5de0934a4aef0e263f8b4fa71bc2", size = 344334, upload-time = "2025-04-19T14:01:15.151Z" },
    { url = "https://files.pythonhosted.org/packages/96/94/941f071212e23c29aae7def891fb636930c648386e059ce09ea0dcd43933/pendulum-3.1.0-cp311-cp311-manylinux_2_17_ppc64le.manylinux2014_ppc64le.whl", hash = "sha256:656b8b0ce070f0f2e5e2668247d3c783c55336534aa1f13bd0969535878955e1", size = 382259, upload-time = "2025-04-19T14:01:16.924Z" },
    { url = "https://files.pythonhosted.org/packages/51/ad/a78a701656aec00d16fee636704445c23ca11617a0bfe7c3848d1caa5157/pendulum-3.1.0-cp311-cp311-manylinux_2_17_s390x.manylinux2014_s390x.whl", hash = "sha256:48962903e6c1afe1f13548cb6252666056086c107d59e3d64795c58c9298bc2e", size = 436361, upload-time = "2025-04-19T14:01:18.796Z" },
    { url = "https://files.pythonhosted.org/packages/da/93/83f59ccbf4435c29dca8c63a6560fcbe4783079a468a5f91d9f886fd21f0/pendulum-3.1.0-cp311-cp311-manylinux_2_17_x86_64.manylinux2014_x86_64.whl", hash = "sha256:d364ec3f8e65010fefd4b0aaf7be5eb97e5df761b107a06f5e743b7c3f52c311", size = 353653, upload-time = "2025-04-19T14:01:20.159Z" },
    { url = "https://files.pythonhosted.org/packages/6f/0f/42d6644ec6339b41066f594e52d286162aecd2e9735aaf994d7e00c9e09d/pendulum-3.1.0-cp311-cp311-musllinux_1_1_aarch64.whl", hash = "sha256:dd52caffc2afb86612ec43bbeb226f204ea12ebff9f3d12f900a7d3097210fcc", size = 524567, upload-time = "2025-04-19T14:01:21.457Z" },
    { url = "https://files.pythonhosted.org/packages/de/45/d84d909202755ab9d3379e5481fdf70f53344ebefbd68d6f5803ddde98a6/pendulum-3.1.0-cp311-cp311-musllinux_1_1_x86_64.whl", hash = "sha256:d439fccaa35c91f686bd59d30604dab01e8b5c1d0dd66e81648c432fd3f8a539", size = 525571, upload-time = "2025-04-19T14:01:23.329Z" },
    { url = "https://files.pythonhosted.org/packages/0d/e0/4de160773ce3c2f7843c310db19dd919a0cd02cc1c0384866f63b18a6251/pendulum-3.1.0-cp311-cp311-win_amd64.whl", hash = "sha256:43288773a86d9c5c0ddb645f88f615ff6bd12fd1410b34323662beccb18f3b49", size = 260259, upload-time = "2025-04-19T14:01:24.689Z" },
    { url = "https://files.pythonhosted.org/packages/c1/7f/ffa278f78112c6c6e5130a702042f52aab5c649ae2edf814df07810bbba5/pendulum-3.1.0-cp311-cp311-win_arm64.whl", hash = "sha256:569ea5072ae0f11d625e03b36d865f8037b76e838a3b621f6967314193896a11", size = 253899, upload-time = "2025-04-19T14:01:26.442Z" },
    { url = "https://files.pythonhosted.org/packages/7a/d7/b1bfe15a742f2c2713acb1fdc7dc3594ff46ef9418ac6a96fcb12a6ba60b/pendulum-3.1.0-cp312-cp312-macosx_10_12_x86_64.whl", hash = "sha256:4dfd53e7583ccae138be86d6c0a0b324c7547df2afcec1876943c4d481cf9608", size = 336209, upload-time = "2025-04-19T14:01:27.815Z" },
    { url = "https://files.pythonhosted.org/packages/eb/87/0392da0c603c828b926d9f7097fbdddaafc01388cb8a00888635d04758c3/pendulum-3.1.0-cp312-cp312-macosx_11_0_arm64.whl", hash = "sha256:6a6e06a28f3a7d696546347805536f6f38be458cb79de4f80754430696bea9e6", size = 323130, upload-time = "2025-04-19T14:01:29.336Z" },
    { url = "https://files.pythonhosted.org/packages/c0/61/95f1eec25796be6dddf71440ee16ec1fd0c573fc61a73bd1ef6daacd529a/pendulum-3.1.0-cp312-cp312-manylinux_2_17_aarch64.manylinux2014_aarch64.whl", hash = "sha256:7e68d6a51880708084afd8958af42dc8c5e819a70a6c6ae903b1c4bfc61e0f25", size = 341509, upload-time = "2025-04-19T14:01:31.1Z" },
    { url = "https://files.pythonhosted.org/packages/b5/7b/eb0f5e6aa87d5e1b467a1611009dbdc92f0f72425ebf07669bfadd8885a6/pendulum-3.1.0-cp312-cp312-manylinux_2_17_ppc64le.manylinux2014_ppc64le.whl", hash = "sha256:9e3f1e5da39a7ea7119efda1dd96b529748c1566f8a983412d0908455d606942", size = 378674, upload-time = "2025-04-19T14:01:32.974Z" },
    { url = "https://files.pythonhosted.org/packages/29/68/5a4c1b5de3e54e16cab21d2ec88f9cd3f18599e96cc90a441c0b0ab6b03f/pendulum-3.1.0-cp312-cp312-manylinux_2_17_s390x.manylinux2014_s390x.whl", hash = "sha256:e9af1e5eeddb4ebbe1b1c9afb9fd8077d73416ade42dd61264b3f3b87742e0bb", size = 436133, upload-time = "2025-04-19T14:01:34.349Z" },
    { url = "https://files.pythonhosted.org/packages/87/5d/f7a1d693e5c0f789185117d5c1d5bee104f5b0d9fbf061d715fb61c840a8/pendulum-3.1.0-cp312-cp312-manylinux_2_17_x86_64.manylinux2014_x86_64.whl", hash = "sha256:20f74aa8029a42e327bfc150472e0e4d2358fa5d795f70460160ba81b94b6945", size = 351232, upload-time = "2025-04-19T14:01:35.669Z" },
    { url = "https://files.pythonhosted.org/packages/30/77/c97617eb31f1d0554edb073201a294019b9e0a9bd2f73c68e6d8d048cd6b/pendulum-3.1.0-cp312-cp312-musllinux_1_1_aarch64.whl", hash = "sha256:cf6229e5ee70c2660148523f46c472e677654d0097bec010d6730f08312a4931", size = 521562, upload-time = "2025-04-19T14:01:37.05Z" },
    { url = "https://files.pythonhosted.org/packages/76/22/0d0ef3393303877e757b848ecef8a9a8c7627e17e7590af82d14633b2cd1/pendulum-3.1.0-cp312-cp312-musllinux_1_1_x86_64.whl", hash = "sha256:350cabb23bf1aec7c7694b915d3030bff53a2ad4aeabc8c8c0d807c8194113d6", size = 523221, upload-time = "2025-04-19T14:01:38.444Z" },
    { url = "https://files.pythonhosted.org/packages/99/f3/aefb579aa3cebd6f2866b205fc7a60d33e9a696e9e629024752107dc3cf5/pendulum-3.1.0-cp312-cp312-win_amd64.whl", hash = "sha256:42959341e843077c41d47420f28c3631de054abd64da83f9b956519b5c7a06a7", size = 260502, upload-time = "2025-04-19T14:01:39.814Z" },
    { url = "https://files.pythonhosted.org/packages/02/74/4332b5d6e34c63d4df8e8eab2249e74c05513b1477757463f7fdca99e9be/pendulum-3.1.0-cp312-cp312-win_arm64.whl", hash = "sha256:006758e2125da2e624493324dfd5d7d1b02b0c44bc39358e18bf0f66d0767f5f", size = 253089, upload-time = "2025-04-19T14:01:41.171Z" },
    { url = "https://files.pythonhosted.org/packages/8e/1f/af928ba4aa403dac9569f787adcf024005e7654433d71f7a84e608716837/pendulum-3.1.0-cp313-cp313-macosx_10_12_x86_64.whl", hash = "sha256:28658b0baf4b30eb31d096a375983cfed033e60c0a7bbe94fa23f06cd779b50b", size = 336209, upload-time = "2025-04-19T14:01:42.775Z" },
    { url = "https://files.pythonhosted.org/packages/b6/16/b010643007ba964c397da7fa622924423883c1bbff1a53f9d1022cd7f024/pendulum-3.1.0-cp313-cp313-macosx_11_0_arm64.whl", hash = "sha256:b114dcb99ce511cb8f5495c7b6f0056b2c3dba444ef1ea6e48030d7371bd531a", size = 323132, upload-time = "2025-04-19T14:01:44.577Z" },
    { url = "https://files.pythonhosted.org/packages/64/19/c3c47aeecb5d9bceb0e89faafd800d39809b696c5b7bba8ec8370ad5052c/pendulum-3.1.0-cp313-cp313-manylinux_2_17_aarch64.manylinux2014_aarch64.whl", hash = "sha256:2404a6a54c80252ea393291f0b7f35525a61abae3d795407f34e118a8f133a18", size = 341509, upload-time = "2025-04-19T14:01:46.084Z" },
    { url = "https://files.pythonhosted.org/packages/38/cf/c06921ff6b860ff7e62e70b8e5d4dc70e36f5abb66d168bd64d51760bc4e/pendulum-3.1.0-cp313-cp313-manylinux_2_17_ppc64le.manylinux2014_ppc64le.whl", hash = "sha256:d06999790d9ee9962a1627e469f98568bf7ad1085553fa3c30ed08b3944a14d7", size = 378674, upload-time = "2025-04-19T14:01:47.727Z" },
    { url = "https://files.pythonhosted.org/packages/62/0b/a43953b9eba11e82612b033ac5133f716f1b76b6108a65da6f408b3cc016/pendulum-3.1.0-cp313-cp313-manylinux_2_17_s390x.manylinux2014_s390x.whl", hash = "sha256:94751c52f6b7c306734d1044c2c6067a474237e1e5afa2f665d1fbcbbbcf24b3", size = 436133, upload-time = "2025-04-19T14:01:49.126Z" },
    { url = "https://files.pythonhosted.org/packages/eb/a0/ec3d70b3b96e23ae1d039f132af35e17704c22a8250d1887aaefea4d78a6/pendulum-3.1.0-cp313-cp313-manylinux_2_17_x86_64.manylinux2014_x86_64.whl", hash = "sha256:5553ac27be05e997ec26d7f004cf72788f4ce11fe60bb80dda604a64055b29d0", size = 351232, upload-time = "2025-04-19T14:01:50.575Z" },
    { url = "https://files.pythonhosted.org/packages/f4/97/aba23f1716b82f6951ba2b1c9178a2d107d1e66c102762a9bf19988547ea/pendulum-3.1.0-cp313-cp313-musllinux_1_1_aarch64.whl", hash = "sha256:f8dee234ca6142bf0514368d01a72945a44685aaa2fc4c14c98d09da9437b620", size = 521563, upload-time = "2025-04-19T14:01:51.9Z" },
    { url = "https://files.pythonhosted.org/packages/01/33/2c0d5216cc53d16db0c4b3d510f141ee0a540937f8675948541190fbd48b/pendulum-3.1.0-cp313-cp313-musllinux_1_1_x86_64.whl", hash = "sha256:7378084fe54faab4ee481897a00b710876f2e901ded6221671e827a253e643f2", size = 523221, upload-time = "2025-04-19T14:01:53.275Z" },
    { url = "https://files.pythonhosted.org/packages/51/89/8de955c339c31aeae77fd86d3225509b998c81875e9dba28cb88b8cbf4b3/pendulum-3.1.0-cp313-cp313-win_amd64.whl", hash = "sha256:8539db7ae2c8da430ac2515079e288948c8ebf7eb1edd3e8281b5cdf433040d6", size = 260501, upload-time = "2025-04-19T14:01:54.749Z" },
    { url = "https://files.pythonhosted.org/packages/15/c3/226a3837363e94f8722461848feec18bfdd7d5172564d53aa3c3397ff01e/pendulum-3.1.0-cp313-cp313-win_arm64.whl", hash = "sha256:1ce26a608e1f7387cd393fba2a129507c4900958d4f47b90757ec17656856571", size = 253087, upload-time = "2025-04-19T14:01:55.998Z" },
    { url = "https://files.pythonhosted.org/packages/66/10/3258c084653606d2be2c7168998eda4a57cf1559cecb43cf1100000fda5f/pendulum-3.1.0-pp310-pypy310_pp73-macosx_10_12_x86_64.whl", hash = "sha256:d2cac744940299d8da41a3ed941aa1e02b5abbc9ae2c525f3aa2ae30c28a86b5", size = 339442, upload-time = "2025-04-19T14:02:12.512Z" },
    { url = "https://files.pythonhosted.org/packages/98/d5/98a1a10cd1cfb3390fbf070864e9a10de8e70a9d4509832132f4d900d655/pendulum-3.1.0-pp310-pypy310_pp73-macosx_11_0_arm64.whl", hash = "sha256:ffb39c3f3906a9c9a108fa98e5556f18b52d2c6451984bbfe2f14436ec4fc9d4", size = 326609, upload-time = "2025-04-19T14:02:13.838Z" },
    { url = "https://files.pythonhosted.org/packages/0a/2e/448abdebc11b9c54e190d273cb084162643199fc184cb1bb6bff7900e67f/pendulum-3.1.0-pp310-pypy310_pp73-manylinux_2_17_aarch64.manylinux2014_aarch64.whl", hash = "sha256:ebe18b1c2eb364064cc4a68a65900f1465cac47d0891dab82341766bcc05b40c", size = 344777, upload-time = "2025-04-19T14:02:15.512Z" },
    { url = "https://files.pythonhosted.org/packages/ed/91/ee857bbd51168bf08b89c3a4705c920725eee0f830ccc513b8370f6ce71d/pendulum-3.1.0-pp310-pypy310_pp73-manylinux_2_17_x86_64.manylinux2014_x86_64.whl", hash = "sha256:a9e9b28a35cec9fcd90f224b4878456129a057dbd694fc8266a9393834804995", size = 354404, upload-time = "2025-04-19T14:02:16.91Z" },
    { url = "https://files.pythonhosted.org/packages/bc/d4/e63a57df65e2b2d10f3aa917a4069be9abf5ac7d56d11336e0510742d8a6/pendulum-3.1.0-pp310-pypy310_pp73-musllinux_1_1_aarch64.whl", hash = "sha256:a3be19b73a9c6a866724419295482f817727e635ccc82f07ae6f818943a1ee96", size = 524948, upload-time = "2025-04-19T14:02:18.808Z" },
    { url = "https://files.pythonhosted.org/packages/93/87/04e74600c5a5674e5f341b8888b530a9de9b84b31889f80fac3bee3e9e87/pendulum-3.1.0-pp310-pypy310_pp73-musllinux_1_1_x86_64.whl", hash = "sha256:24a53b523819bda4c70245687a589b5ea88711f7caac4be5f276d843fe63076b", size = 526340, upload-time = "2025-04-19T14:02:20.242Z" },
    { url = "https://files.pythonhosted.org/packages/48/27/d3577a5f6f7d1fbf1138d87ce21ebab363c78642513b991d1c424d658d09/pendulum-3.1.0-pp310-pypy310_pp73-win_amd64.whl", hash = "sha256:bd701789414fbd0be3c75f46803f31e91140c23821e4bcb0fa2bddcdd051c425", size = 261089, upload-time = "2025-04-19T14:02:21.631Z" },
    { url = "https://files.pythonhosted.org/packages/6e/23/e98758924d1b3aac11a626268eabf7f3cf177e7837c28d47bf84c64532d0/pendulum-3.1.0-py3-none-any.whl", hash = "sha256:f9178c2a8e291758ade1e8dd6371b1d26d08371b4c7730a6e9a3ef8b16ebae0f", size = 111799, upload-time = "2025-04-19T14:02:34.739Z" },
]

[[package]]
name = "pylrctool"
version = "0.1.1"
source = { virtual = "." }
dependencies = [
    { name = "pendulum" },
    { name = "sortedcontainers" },
    { name = "srt" },
]

[package.metadata]
requires-dist = [
    { name = "pendulum", specifier = ">=3.1.0" },
    { name = "sortedcontainers", specifier = ">=2.4.0" },
    { name = "srt", specifier = ">=3.5.3" },
]

[[package]]
name = "python-dateutil"
version = "2.9.0.post0"
source = { registry = "https://pypi.org/simple" }
dependencies = [
    { name = "six" },
]
sdist = { url = "https://files.pythonhosted.org/packages/66/c0/0c8b6ad9f17a802ee498c46e004a0eb49bc148f2fd230864601a86dcf6db/python-dateutil-2.9.0.post0.tar.gz", hash = "sha256:37dd54208da7e1cd875388217d5e00ebd4179249f90fb72437e91a35459a0ad3", size = 342432, upload-time = "2024-03-01T18:36:20.211Z" }
wheels = [
    { url = "https://files.pythonhosted.org/packages/ec/57/56b9bcc3c9c6a792fcbaf139543cee77261f3651ca9da0c93f5c1221264b/python_dateutil-2.9.0.post0-py2.py3-none-any.whl", hash = "sha256:a8b2bc7bffae282281c8140a97d3aa9c14da0b136dfe83f850eea9a5f7470427", size = 229892, upload-time = "2024-03-01T18:36:18.57Z" },
]

[[package]]
name = "six"
version = "1.17.0"
source = { registry = "https://pypi.org/simple" }
sdist = { url = "https://files.pythonhosted.org/packages/94/e7/b2c673351809dca68a0e064b6af791aa332cf192da575fd474ed7d6f16a2/six-1.17.0.tar.gz", hash = "sha256:ff70335d468e7eb6ec65b95b99d3a2836546063f63acc5171de367e834932a81", size = 34031, upload-time = "2024-12-04T17:35:28.174Z" }
wheels = [
    { url = "https://files.pythonhosted.org/packages/b7/ce/149a00dd41f10bc29e5921b496af8b574d8413afcd5e30dfa0ed46c2cc5e/six-1.17.0-py2.py3-none-any.whl", hash = "sha256:4721f391ed90541fddacab5acf947aa0d3dc7d27b2e1e8eda2be8970586c3274", size = 11050, upload-time = "2024-12-04T17:35:26.475Z" },
]

[[package]]
name = "sortedcontainers"
version = "2.4.0"
source = { registry = "https://pypi.org/simple" }
sdist = { url = "https://files.pythonhosted.org/packages/e8/c4/ba2f8066cceb6f23394729afe52f3bf7adec04bf9ed2c820b39e19299111/sortedcontainers-2.4.0.tar.gz", hash = "sha256:25caa5a06cc30b6b83d11423433f65d1f9d76c4c6a0c90e3379eaa43b9bfdb88", size = 30594, upload-time = "2021-05-16T22:03:42.897Z" }
wheels = [
    { url = "https://files.pythonhosted.org/packages/32/46/9cb0e58b2deb7f82b84065f37f3bffeb12413f947f9388e4cac22c4621ce/sortedcontainers-2.4.0-py2.py3-none-any.whl", hash = "sha256:a163dcaede0f1c021485e957a39245190e74249897e2ae4b2aa38595db237ee0", size = 29575, upload-time = "2021-05-16T22:03:41.177Z" },
]

[[package]]
name = "srt"
version = "3.5.3"
source = { registry = "https://pypi.org/simple" }
sdist = { url = "https://files.pythonhosted.org/packages/66/b7/4a1bc231e0681ebf339337b0cd05b91dc6a0d701fa852bb812e244b7a030/srt-3.5.3.tar.gz", hash = "sha256:4884315043a4f0740fd1f878ed6caa376ac06d70e135f306a6dc44632eed0cc0", size = 28296, upload-time = "2023-03-28T02:35:44.007Z" }

[[package]]
name = "tzdata"
version = "2025.2"
source = { registry = "https://pypi.org/simple" }
sdist = { url = "https://files.pythonhosted.org/packages/95/32/1a225d6164441be760d75c2c42e2780dc0873fe382da3e98a2e1e48361e5/tzdata-2025.2.tar.gz", hash = "sha256:b60a638fcc0daffadf82fe0f57e53d06bdec2f36c4df66280ae79bce6bd6f2b9", size = 196380, upload-time = "2025-03-23T13:54:43.652Z" }
wheels = [
    { url = "https://files.pythonhosted.org/packages/5c/23/c7abc0ca0a1526a0774eca151daeb8de62ec457e77262b66b359c3c7679e/tzdata-2025.2-py2.py3-none-any.whl", hash = "sha256:1a403fada01ff9221ca8044d701868fa132215d84beb92242d9acd2147f667a8", size = 347839, upload-time = "2025-03-23T13:54:41.845Z" },
]
